%{
  "decimal": {:hex, :decimal, "2.1.1", "5611dca5d4b2c3dd497dec8f68751f1f1a54755e8ed2a966c2633cf885973ad6", [:mix], [], "hexpm", "53cfe5f497ed0e7771ae1a475575603d77425099ba5faef9394932b35020ffcc"},
  "ecto": {:hex, :ecto, "3.10.3", "eb2ae2eecd210b4eb8bece1217b297ad4ff824b4384c0e3fdd28aaf96edd6135", [:mix], [{:decimal, "~> 1.6 or ~> 2.0", [hex: :decimal, repo: "hexpm", optional: false]}, {:jason, "~> 1.0", [hex: :jason, repo: "hexpm", optional: true]}, {:telemetry, "~> 0.4 or ~> 1.0", [hex: :telemetry, repo: "hexpm", optional: false]}], "hexpm", "44bec74e2364d491d70f7e42cd0d690922659d329f6465e89feb8a34e8cd3433"},
  "ex_phone_number": {:hex, :ex_phone_number, "0.4.3", "75767db14d8c6b1d40d49a912ca1e104a38b43e225458a8646d51f86cba2d835", [:mix], [{:sweet_xml, "~> 0.7", [hex: :sweet_xml, repo: "hexpm", optional: false]}], "hexpm", "c14ad189a16ec410c7114eb7848e2ddf9b2a19ebb4e42c17870d0c68d811d972"},
  "sweet_xml": {:hex, :sweet_xml, "0.7.4", "a8b7e1ce7ecd775c7e8a65d501bc2cd933bff3a9c41ab763f5105688ef485d08", [:mix], [], "hexpm", "e7c4b0bdbf460c928234951def54fe87edf1a170f6896675443279e2dbeba167"},
  "telemetry": {:hex, :telemetry, "1.2.1", "68fdfe8d8f05a8428483a97d7aab2f268aaff24b49e0f599faa091f1d4e7f61c", [:rebar3], [], "hexpm", "dad9ce9d8effc621708f99eac538ef1cbe05d6a874dd741de2e689c47feafed5"},
}
